// !$*UTF8*$!
{
	archiveVersion = 1;
	classes = {
	};
	objectVersion = 50;
	objects = {

/* Begin PBXBuildFile section */
		C406FEBF22FE13D1004C0F77 /* AppDelegate.swift in Sources */ = {isa = PBXBuildFile; fileRef = C406FEBE22FE13D1004C0F77 /* AppDelegate.swift */; };
		C406FEC122FE13D1004C0F77 /* SceneDelegate.swift in Sources */ = {isa = PBXBuildFile; fileRef = C406FEC022FE13D1004C0F77 /* SceneDelegate.swift */; };
		C406FEC322FE13D1004C0F77 /* ContentView.swift in Sources */ = {isa = PBXBuildFile; fileRef = C406FEC222FE13D1004C0F77 /* ContentView.swift */; };
		C406FEC522FE13D6004C0F77 /* Assets.xcassets in Resources */ = {isa = PBXBuildFile; fileRef = C406FEC422FE13D6004C0F77 /* Assets.xcassets */; };
		C406FEC822FE13D6004C0F77 /* Preview Assets.xcassets in Resources */ = {isa = PBXBuildFile; fileRef = C406FEC722FE13D6004C0F77 /* Preview Assets.xcassets */; };
		C406FECB22FE13D6004C0F77 /* LaunchScreen.storyboard in Resources */ = {isa = PBXBuildFile; fileRef = C406FEC922FE13D6004C0F77 /* LaunchScreen.storyboard */; };
		C406FED622FE13D6004C0F77 /* ParkedTests.swift in Sources */ = {isa = PBXBuildFile; fileRef = C406FED522FE13D6004C0F77 /* ParkedTests.swift */; };
		C406FEE122FE13D6004C0F77 /* ParkedUITests.swift in Sources */ = {isa = PBXBuildFile; fileRef = C406FEE022FE13D6004C0F77 /* ParkedUITests.swift */; };
/* End PBXBuildFile section */

/* Begin PBXContainerItemProxy section */
		C406FED222FE13D6004C0F77 /* PBXContainerItemProxy */ = {
			isa = PBXContainerItemProxy;
			containerPortal = C406FEB322FE13D1004C0F77 /* Project object */;
			proxyType = 1;
			remoteGlobalIDString = C406FEBA22FE13D1004C0F77;
			remoteInfo = Parked;
		};
		C406FEDD22FE13D6004C0F77 /* PBXContainerItemProxy */ = {
			isa = PBXContainerItemProxy;
			containerPortal = C406FEB322FE13D1004C0F77 /* Project object */;
			proxyType = 1;
			remoteGlobalIDString = C406FEBA22FE13D1004C0F77;
			remoteInfo = Parked;
		};
/* End PBXContainerItemProxy section */

/* Begin PBXFileReference section */
		C406FEBB22FE13D1004C0F77 /* Parked.app */ = {isa = PBXFileReference; explicitFileType = wrapper.application; includeInIndex = 0; path = Parked.app; sourceTree = BUILT_PRODUCTS_DIR; };
		C406FEBE22FE13D1004C0F77 /* AppDelegate.swift */ = {isa = PBXFileReference; lastKnownFileType = sourcecode.swift; path = AppDelegate.swift; sourceTree = "<group>"; };
		C406FEC022FE13D1004C0F77 /* SceneDelegate.swift */ = {isa = PBXFileReference; lastKnownFileType = sourcecode.swift; path = SceneDelegate.swift; sourceTree = "<group>"; };
		C406FEC222FE13D1004C0F77 /* ContentView.swift */ = {isa = PBXFileReference; lastKnownFileType = sourcecode.swift; path = ContentView.swift; sourceTree = "<group>"; };
		C406FEC422FE13D6004C0F77 /* Assets.xcassets */ = {isa = PBXFileReference; lastKnownFileType = folder.assetcatalog; path = Assets.xcassets; sourceTree = "<group>"; };
		C406FEC722FE13D6004C0F77 /* Preview Assets.xcassets */ = {isa = PBXFileReference; lastKnownFileType = folder.assetcatalog; path = "Preview Assets.xcassets"; sourceTree = "<group>"; };
		C406FECA22FE13D6004C0F77 /* Base */ = {isa = PBXFileReference; lastKnownFileType = file.storyboard; name = Base; path = Base.lproj/LaunchScreen.storyboard; sourceTree = "<group>"; };
		C406FECC22FE13D6004C0F77 /* Info.plist */ = {isa = PBXFileReference; lastKnownFileType = text.plist.xml; path = Info.plist; sourceTree = "<group>"; };
		C406FED122FE13D6004C0F77 /* ParkedTests.xctest */ = {isa = PBXFileReference; explicitFileType = wrapper.cfbundle; includeInIndex = 0; path = ParkedTests.xctest; sourceTree = BUILT_PRODUCTS_DIR; };
		C406FED522FE13D6004C0F77 /* ParkedTests.swift */ = {isa = PBXFileReference; lastKnownFileType = sourcecode.swift; path = ParkedTests.swift; sourceTree = "<group>"; };
		C406FED722FE13D6004C0F77 /* Info.plist */ = {isa = PBXFileReference; lastKnownFileType = text.plist.xml; path = Info.plist; sourceTree = "<group>"; };
		C406FEDC22FE13D6004C0F77 /* ParkedUITests.xctest */ = {isa = PBXFileReference; explicitFileType = wrapper.cfbundle; includeInIndex = 0; path = ParkedUITests.xctest; sourceTree = BUILT_PRODUCTS_DIR; };
		C406FEE022FE13D6004C0F77 /* ParkedUITests.swift */ = {isa = PBXFileReference; lastKnownFileType = sourcecode.swift; path = ParkedUITests.swift; sourceTree = "<group>"; };
		C406FEE222FE13D6004C0F77 /* Info.plist */ = {isa = PBXFileReference; lastKnownFileType = text.plist.xml; path = Info.plist; sourceTree = "<group>"; };
/* End PBXFileReference section */

/* Begin PBXFrameworksBuildPhase section */
		C406FEB822FE13D1004C0F77 /* Frameworks */ = {
			isa = PBXFrameworksBuildPhase;
			buildActionMask = 2147483647;
			files = (
			);
			runOnlyForDeploymentPostprocessing = 0;
		};
		C406FECE22FE13D6004C0F77 /* Frameworks */ = {
			isa = PBXFrameworksBuildPhase;
			buildActionMask = 2147483647;
			files = (
			);
			runOnlyForDeploymentPostprocessing = 0;
		};
		C406FED922FE13D6004C0F77 /* Frameworks */ = {
			isa = PBXFrameworksBuildPhase;
			buildActionMask = 2147483647;
			files = (
			);
			runOnlyForDeploymentPostprocessing = 0;
		};
/* End PBXFrameworksBuildPhase section */

/* Begin PBXGroup section */
		C406FEB222FE13D1004C0F77 = {
			isa = PBXGroup;
			children = (
				C406FEBD22FE13D1004C0F77 /* Parked */,
				C406FED422FE13D6004C0F77 /* ParkedTests */,
				C406FEDF22FE13D6004C0F77 /* ParkedUITests */,
				C406FEBC22FE13D1004C0F77 /* Products */,
			);
			sourceTree = "<group>";
		};
		C406FEBC22FE13D1004C0F77 /* Products */ = {
			isa = PBXGroup;
			children = (
				C406FEBB22FE13D1004C0F77 /* Parked.app */,
				C406FED122FE13D6004C0F77 /* ParkedTests.xctest */,
				C406FEDC22FE13D6004C0F77 /* ParkedUITests.xctest */,
			);
			name = Products;
			sourceTree = "<group>";
		};
		C406FEBD22FE13D1004C0F77 /* Parked */ = {
			isa = PBXGroup;
			children = (
				C406FEBE22FE13D1004C0F77 /* AppDelegate.swift */,
				C406FEC022FE13D1004C0F77 /* SceneDelegate.swift */,
				C406FEC222FE13D1004C0F77 /* ContentView.swift */,
				C406FEC422FE13D6004C0F77 /* Assets.xcassets */,
				C406FEC922FE13D6004C0F77 /* LaunchScreen.storyboard */,
				C406FECC22FE13D6004C0F77 /* Info.plist */,
				C406FEC622FE13D6004C0F77 /* Preview Content */,
			);
			path = Parked;
			sourceTree = "<group>";
		};
		C406FEC622FE13D6004C0F77 /* Preview Content */ = {
			isa = PBXGroup;
			children = (
				C406FEC722FE13D6004C0F77 /* Preview Assets.xcassets */,
			);
			path = "Preview Content";
			sourceTree = "<group>";
		};
		C406FED422FE13D6004C0F77 /* ParkedTests */ = {
			isa = PBXGroup;
			children = (
				C406FED522FE13D6004C0F77 /* ParkedTests.swift */,
				C406FED722FE13D6004C0F77 /* Info.plist */,
			);
			path = ParkedTests;
			sourceTree = "<group>";
		};
		C406FEDF22FE13D6004C0F77 /* ParkedUITests */ = {
			isa = PBXGroup;
			children = (
				C406FEE022FE13D6004C0F77 /* ParkedUITests.swift */,
				C406FEE222FE13D6004C0F77 /* Info.plist */,
			);
			path = ParkedUITests;
			sourceTree = "<group>";
		};
/* End PBXGroup section */

/* Begin PBXNativeTarget section */
		C406FEBA22FE13D1004C0F77 /* Parked */ = {
			isa = PBXNativeTarget;
			buildConfigurationList = C406FEE522FE13D6004C0F77 /* Build configuration list for PBXNativeTarget "Parked" */;
			buildPhases = (
				C406FEB722FE13D1004C0F77 /* Sources */,
				C406FEB822FE13D1004C0F77 /* Frameworks */,
				C406FEB922FE13D1004C0F77 /* Resources */,
			);
			buildRules = (
			);
			dependencies = (
			);
			name = Parked;
			productName = Parked;
			productReference = C406FEBB22FE13D1004C0F77 /* Parked.app */;
			productType = "com.apple.product-type.application";
		};
		C406FED022FE13D6004C0F77 /* ParkedTests */ = {
			isa = PBXNativeTarget;
			buildConfigurationList = C406FEE822FE13D6004C0F77 /* Build configuration list for PBXNativeTarget "ParkedTests" */;
			buildPhases = (
				C406FECD22FE13D6004C0F77 /* Sources */,
				C406FECE22FE13D6004C0F77 /* Frameworks */,
				C406FECF22FE13D6004C0F77 /* Resources */,
			);
			buildRules = (
			);
			dependencies = (
				C406FED322FE13D6004C0F77 /* PBXTargetDependency */,
			);
			name = ParkedTests;
			productName = ParkedTests;
			productReference = C406FED122FE13D6004C0F77 /* ParkedTests.xctest */;
			productType = "com.apple.product-type.bundle.unit-test";
		};
		C406FEDB22FE13D6004C0F77 /* ParkedUITests */ = {
			isa = PBXNativeTarget;
			buildConfigurationList = C406FEEB22FE13D6004C0F77 /* Build configuration list for PBXNativeTarget "ParkedUITests" */;
			buildPhases = (
				C406FED822FE13D6004C0F77 /* Sources */,
				C406FED922FE13D6004C0F77 /* Frameworks */,
				C406FEDA22FE13D6004C0F77 /* Resources */,
			);
			buildRules = (
			);
			dependencies = (
				C406FEDE22FE13D6004C0F77 /* PBXTargetDependency */,
			);
			name = ParkedUITests;
			productName = ParkedUITests;
			productReference = C406FEDC22FE13D6004C0F77 /* ParkedUITests.xctest */;
			productType = "com.apple.product-type.bundle.ui-testing";
		};
/* End PBXNativeTarget section */

/* Begin PBXProject section */
		C406FEB322FE13D1004C0F77 /* Project object */ = {
			isa = PBXProject;
			attributes = {
				LastSwiftUpdateCheck = 1100;
				LastUpgradeCheck = 1100;
				ORGANIZATIONNAME = "Matthew Michel";
				TargetAttributes = {
					C406FEBA22FE13D1004C0F77 = {
						CreatedOnToolsVersion = 11.0;
					};
					C406FED022FE13D6004C0F77 = {
						CreatedOnToolsVersion = 11.0;
						TestTargetID = C406FEBA22FE13D1004C0F77;
					};
					C406FEDB22FE13D6004C0F77 = {
						CreatedOnToolsVersion = 11.0;
						TestTargetID = C406FEBA22FE13D1004C0F77;
					};
				};
			};
			buildConfigurationList = C406FEB622FE13D1004C0F77 /* Build configuration list for PBXProject "Parked" */;
			compatibilityVersion = "Xcode 9.3";
			developmentRegion = en;
			hasScannedForEncodings = 0;
			knownRegions = (
				en,
				Base,
			);
			mainGroup = C406FEB222FE13D1004C0F77;
			productRefGroup = C406FEBC22FE13D1004C0F77 /* Products */;
			projectDirPath = "";
			projectRoot = "";
			targets = (
				C406FEBA22FE13D1004C0F77 /* Parked */,
				C406FED022FE13D6004C0F77 /* ParkedTests */,
				C406FEDB22FE13D6004C0F77 /* ParkedUITests */,
			);
		};
/* End PBXProject section */

/* Begin PBXResourcesBuildPhase section */
		C406FEB922FE13D1004C0F77 /* Resources */ = {
			isa = PBXResourcesBuildPhase;
			buildActionMask = 2147483647;
			files = (
				C406FECB22FE13D6004C0F77 /* LaunchScreen.storyboard in Resources */,
				C406FEC822FE13D6004C0F77 /* Preview Assets.xcassets in Resources */,
				C406FEC522FE13D6004C0F77 /* Assets.xcassets in Resources */,
			);
			runOnlyForDeploymentPostprocessing = 0;
		};
		C406FECF22FE13D6004C0F77 /* Resources */ = {
			isa = PBXResourcesBuildPhase;
			buildActionMask = 2147483647;
			files = (
			);
			runOnlyForDeploymentPostprocessing = 0;
		};
		C406FEDA22FE13D6004C0F77 /* Resources */ = {
			isa = PBXResourcesBuildPhase;
			buildActionMask = 2147483647;
			files = (
			);
			runOnlyForDeploymentPostprocessing = 0;
		};
/* End PBXResourcesBuildPhase section */

/* Begin PBXSourcesBuildPhase section */
		C406FEB722FE13D1004C0F77 /* Sources */ = {
			isa = PBXSourcesBuildPhase;
			buildActionMask = 2147483647;
			files = (
				C406FEBF22FE13D1004C0F77 /* AppDelegate.swift in Sources */,
				C406FEC122FE13D1004C0F77 /* SceneDelegate.swift in Sources */,
				C406FEC322FE13D1004C0F77 /* ContentView.swift in Sources */,
			);
			runOnlyForDeploymentPostprocessing = 0;
		};
		C406FECD22FE13D6004C0F77 /* Sources */ = {
			isa = PBXSourcesBuildPhase;
			buildActionMask = 2147483647;
			files = (
				C406FED622FE13D6004C0F77 /* ParkedTests.swift in Sources */,
			);
			runOnlyForDeploymentPostprocessing = 0;
		};
		C406FED822FE13D6004C0F77 /* Sources */ = {
			isa = PBXSourcesBuildPhase;
			buildActionMask = 2147483647;
			files = (
				C406FEE122FE13D6004C0F77 /* ParkedUITests.swift in Sources */,
			);
			runOnlyForDeploymentPostprocessing = 0;
		};
/* End PBXSourcesBuildPhase section */

/* Begin PBXTargetDependency section */
		C406FED322FE13D6004C0F77 /* PBXTargetDependency */ = {
			isa = PBXTargetDependency;
			target = C406FEBA22FE13D1004C0F77 /* Parked */;
			targetProxy = C406FED222FE13D6004C0F77 /* PBXContainerItemProxy */;
		};
		C406FEDE22FE13D6004C0F77 /* PBXTargetDependency */ = {
			isa = PBXTargetDependency;
			target = C406FEBA22FE13D1004C0F77 /* Parked */;
			targetProxy = C406FEDD22FE13D6004C0F77 /* PBXContainerItemProxy */;
		};
/* End PBXTargetDependency section */

/* Begin PBXVariantGroup section */
		C406FEC922FE13D6004C0F77 /* LaunchScreen.storyboard */ = {
			isa = PBXVariantGroup;
			children = (
				C406FECA22FE13D6004C0F77 /* Base */,
			);
			name = LaunchScreen.storyboard;
			sourceTree = "<group>";
		};
/* End PBXVariantGroup section */

/* Begin XCBuildConfiguration section */
		C406FEE322FE13D6004C0F77 /* Debug */ = {
			isa = XCBuildConfiguration;
			buildSettings = {
				ALWAYS_SEARCH_USER_PATHS = NO;
				CLANG_ANALYZER_NONNULL = YES;
				CLANG_ANALYZER_NUMBER_OBJECT_CONVERSION = YES_AGGRESSIVE;
				CLANG_CXX_LANGUAGE_STANDARD = "gnu++14";
				CLANG_CXX_LIBRARY = "libc++";
				CLANG_ENABLE_MODULES = YES;
				CLANG_ENABLE_OBJC_ARC = YES;
				CLANG_ENABLE_OBJC_WEAK = YES;
				CLANG_WARN_BLOCK_CAPTURE_AUTORELEASING = YES;
				CLANG_WARN_BOOL_CONVERSION = YES;
				CLANG_WARN_COMMA = YES;
				CLANG_WARN_CONSTANT_CONVERSION = YES;
				CLANG_WARN_DEPRECATED_OBJC_IMPLEMENTATIONS = YES;
				CLANG_WARN_DIRECT_OBJC_ISA_USAGE = YES_ERROR;
				CLANG_WARN_DOCUMENTATION_COMMENTS = YES;
				CLANG_WARN_EMPTY_BODY = YES;
				CLANG_WARN_ENUM_CONVERSION = YES;
				CLANG_WARN_INFINITE_RECURSION = YES;
				CLANG_WARN_INT_CONVERSION = YES;
				CLANG_WARN_NON_LITERAL_NULL_CONVERSION = YES;
				CLANG_WARN_OBJC_IMPLICIT_RETAIN_SELF = YES;
				CLANG_WARN_OBJC_LITERAL_CONVERSION = YES;
				CLANG_WARN_OBJC_ROOT_CLASS = YES_ERROR;
				CLANG_WARN_RANGE_LOOP_ANALYSIS = YES;
				CLANG_WARN_STRICT_PROTOTYPES = YES;
				CLANG_WARN_SUSPICIOUS_MOVE = YES;
				CLANG_WARN_UNGUARDED_AVAILABILITY = YES_AGGRESSIVE;
				CLANG_WARN_UNREACHABLE_CODE = YES;
				CLANG_WARN__DUPLICATE_METHOD_MATCH = YES;
				COPY_PHASE_STRIP = NO;
				DEBUG_INFORMATION_FORMAT = dwarf;
				ENABLE_STRICT_OBJC_MSGSEND = YES;
				ENABLE_TESTABILITY = YES;
				GCC_C_LANGUAGE_STANDARD = gnu11;
				GCC_DYNAMIC_NO_PIC = NO;
				GCC_NO_COMMON_BLOCKS = YES;
				GCC_OPTIMIZATION_LEVEL = 0;
				GCC_PREPROCESSOR_DEFINITIONS = (
					"DEBUG=1",
					"$(inherited)",
				);
				GCC_WARN_64_TO_32_BIT_CONVERSION = YES;
				GCC_WARN_ABOUT_RETURN_TYPE = YES_ERROR;
				GCC_WARN_UNDECLARED_SELECTOR = YES;
				GCC_WARN_UNINITIALIZED_AUTOS = YES_AGGRESSIVE;
				GCC_WARN_UNUSED_FUNCTION = YES;
				GCC_WARN_UNUSED_VARIABLE = YES;
				IPHONEOS_DEPLOYMENT_TARGET = 13.0;
				MTL_ENABLE_DEBUG_INFO = INCLUDE_SOURCE;
				MTL_FAST_MATH = YES;
				ONLY_ACTIVE_ARCH = YES;
				SDKROOT = iphoneos;
				SWIFT_ACTIVE_COMPILATION_CONDITIONS = DEBUG;
				SWIFT_OPTIMIZATION_LEVEL = "-Onone";
			};
			name = Debug;
		};
		C406FEE422FE13D6004C0F77 /* Release */ = {
			isa = XCBuildConfiguration;
			buildSettings = {
				ALWAYS_SEARCH_USER_PATHS = NO;
				CLANG_ANALYZER_NONNULL = YES;
				CLANG_ANALYZER_NUMBER_OBJECT_CONVERSION = YES_AGGRESSIVE;
				CLANG_CXX_LANGUAGE_STANDARD = "gnu++14";
				CLANG_CXX_LIBRARY = "libc++";
				CLANG_ENABLE_MODULES = YES;
				CLANG_ENABLE_OBJC_ARC = YES;
				CLANG_ENABLE_OBJC_WEAK = YES;
				CLANG_WARN_BLOCK_CAPTURE_AUTORELEASING = YES;
				CLANG_WARN_BOOL_CONVERSION = YES;
				CLANG_WARN_COMMA = YES;
				CLANG_WARN_CONSTANT_CONVERSION = YES;
				CLANG_WARN_DEPRECATED_OBJC_IMPLEMENTATIONS = YES;
				CLANG_WARN_DIRECT_OBJC_ISA_USAGE = YES_ERROR;
				CLANG_WARN_DOCUMENTATION_COMMENTS = YES;
				CLANG_WARN_EMPTY_BODY = YES;
				CLANG_WARN_ENUM_CONVERSION = YES;
				CLANG_WARN_INFINITE_RECURSION = YES;
				CLANG_WARN_INT_CONVERSION = YES;
				CLANG_WARN_NON_LITERAL_NULL_CONVERSION = YES;
				CLANG_WARN_OBJC_IMPLICIT_RETAIN_SELF = YES;
				CLANG_WARN_OBJC_LITERAL_CONVERSION = YES;
				CLANG_WARN_OBJC_ROOT_CLASS = YES_ERROR;
				CLANG_WARN_RANGE_LOOP_ANALYSIS = YES;
				CLANG_WARN_STRICT_PROTOTYPES = YES;
				CLANG_WARN_SUSPICIOUS_MOVE = YES;
				CLANG_WARN_UNGUARDED_AVAILABILITY = YES_AGGRESSIVE;
				CLANG_WARN_UNREACHABLE_CODE = YES;
				CLANG_WARN__DUPLICATE_METHOD_MATCH = YES;
				COPY_PHASE_STRIP = NO;
				DEBUG_INFORMATION_FORMAT = "dwarf-with-dsym";
				ENABLE_NS_ASSERTIONS = NO;
				ENABLE_STRICT_OBJC_MSGSEND = YES;
				GCC_C_LANGUAGE_STANDARD = gnu11;
				GCC_NO_COMMON_BLOCKS = YES;
				GCC_WARN_64_TO_32_BIT_CONVERSION = YES;
				GCC_WARN_ABOUT_RETURN_TYPE = YES_ERROR;
				GCC_WARN_UNDECLARED_SELECTOR = YES;
				GCC_WARN_UNINITIALIZED_AUTOS = YES_AGGRESSIVE;
				GCC_WARN_UNUSED_FUNCTION = YES;
				GCC_WARN_UNUSED_VARIABLE = YES;
				IPHONEOS_DEPLOYMENT_TARGET = 13.0;
				MTL_ENABLE_DEBUG_INFO = NO;
				MTL_FAST_MATH = YES;
				SDKROOT = iphoneos;
				SWIFT_COMPILATION_MODE = wholemodule;
				SWIFT_OPTIMIZATION_LEVEL = "-O";
				VALIDATE_PRODUCT = YES;
			};
			name = Release;
		};
		C406FEE622FE13D6004C0F77 /* Debug */ = {
			isa = XCBuildConfiguration;
			buildSettings = {
				ASSETCATALOG_COMPILER_APPICON_NAME = AppIcon;
				CODE_SIGN_STYLE = Automatic;
				DEVELOPMENT_ASSET_PATHS = "Parked/Preview\\ Content";
				DEVELOPMENT_TEAM = DRF8H2T254;
				ENABLE_PREVIEWS = YES;
				INFOPLIST_FILE = Parked/Info.plist;
				LD_RUNPATH_SEARCH_PATHS = (
					"$(inherited)",
					"@executable_path/Frameworks",
				);
				PRODUCT_BUNDLE_IDENTIFIER = com.test.Parked;
				PRODUCT_NAME = "$(TARGET_NAME)";
				SWIFT_VERSION = 5.0;
				TARGETED_DEVICE_FAMILY = "1,2";
			};
			name = Debug;
		};
		C406FEE722FE13D6004C0F77 /* Release */ = {
			isa = XCBuildConfiguration;
			buildSettings = {
				ASSETCATALOG_COMPILER_APPICON_NAME = AppIcon;
				CODE_SIGN_STYLE = Automatic;
				DEVELOPMENT_ASSET_PATHS = "Parked/Preview\\ Content";
				DEVELOPMENT_TEAM = DRF8H2T254;
				ENABLE_PREVIEWS = YES;
				INFOPLIST_FILE = Parked/Info.plist;
				LD_RUNPATH_SEARCH_PATHS = (
					"$(inherited)",
					"@executable_path/Frameworks",
				);
				PRODUCT_BUNDLE_IDENTIFIER = com.test.Parked;
				PRODUCT_NAME = "$(TARGET_NAME)";
				SWIFT_VERSION = 5.0;
				TARGETED_DEVICE_FAMILY = "1,2";
			};
			name = Release;
		};
		C406FEE922FE13D6004C0F77 /* Debug */ = {
			isa = XCBuildConfiguration;
			buildSettings = {
				ALWAYS_EMBED_SWIFT_STANDARD_LIBRARIES = YES;
				BUNDLE_LOADER = "$(TEST_HOST)";
				CODE_SIGN_STYLE = Automatic;
				DEVELOPMENT_TEAM = DRF8H2T254;
				INFOPLIST_FILE = ParkedTests/Info.plist;
				LD_RUNPATH_SEARCH_PATHS = (
					"$(inherited)",
					"@executable_path/Frameworks",
					"@loader_path/Frameworks",
				);
				PRODUCT_BUNDLE_IDENTIFIER = com.test.ParkedTests;
				PRODUCT_NAME = "$(TARGET_NAME)";
				SWIFT_VERSION = 5.0;
				TARGETED_DEVICE_FAMILY = "1,2";
				TEST_HOST = "$(BUILT_PRODUCTS_DIR)/Parked.app/Parked";
			};
			name = Debug;
		};
		C406FEEA22FE13D6004C0F77 /* Release */ = {
			isa = XCBuildConfiguration;
			buildSettings = {
				ALWAYS_EMBED_SWIFT_STANDARD_LIBRARIES = YES;
				BUNDLE_LOADER = "$(TEST_HOST)";
				CODE_SIGN_STYLE = Automatic;
				DEVELOPMENT_TEAM = DRF8H2T254;
				INFOPLIST_FILE = ParkedTests/Info.plist;
				LD_RUNPATH_SEARCH_PATHS = (
					"$(inherited)",
					"@executable_path/Frameworks",
					"@loader_path/Frameworks",
				);
				PRODUCT_BUNDLE_IDENTIFIER = com.test.ParkedTests;
				PRODUCT_NAME = "$(TARGET_NAME)";
				SWIFT_VERSION = 5.0;
				TARGETED_DEVICE_FAMILY = "1,2";
				TEST_HOST = "$(BUILT_PRODUCTS_DIR)/Parked.app/Parked";
			};
			name = Release;
		};
		C406FEEC22FE13D6004C0F77 /* Debug */ = {
			isa = XCBuildConfiguration;
			buildSettings = {
				ALWAYS_EMBED_SWIFT_STANDARD_LIBRARIES = YES;
				CODE_SIGN_STYLE = Automatic;
				DEVELOPMENT_TEAM = DRF8H2T254;
				INFOPLIST_FILE = ParkedUITests/Info.plist;
				LD_RUNPATH_SEARCH_PATHS = (
					"$(inherited)",
					"@executable_path/Frameworks",
					"@loader_path/Frameworks",
				);
				PRODUCT_BUNDLE_IDENTIFIER = com.test.ParkedUITests;
				PRODUCT_NAME = "$(TARGET_NAME)";
				SWIFT_VERSION = 5.0;
				TARGETED_DEVICE_FAMILY = "1,2";
				TEST_TARGET_NAME = Parked;
			};
			name = Debug;
		};
		C406FEED22FE13D6004C0F77 /* Release */ = {
			isa = XCBuildConfiguration;
			buildSettings = {
				ALWAYS_EMBED_SWIFT_STANDARD_LIBRARIES = YES;
				CODE_SIGN_STYLE = Automatic;
				DEVELOPMENT_TEAM = DRF8H2T254;
				INFOPLIST_FILE = ParkedUITests/Info.plist;
				LD_RUNPATH_SEARCH_PATHS = (
					"$(inherited)",
					"@executable_path/Frameworks",
					"@loader_path/Frameworks",
				);
				PRODUCT_BUNDLE_IDENTIFIER = com.test.ParkedUITests;
				PRODUCT_NAME = "$(TARGET_NAME)";
				SWIFT_VERSION = 5.0;
				TARGETED_DEVICE_FAMILY = "1,2";
				TEST_TARGET_NAME = Parked;
			};
			name = Release;
		};
/* End XCBuildConfiguration section */

/* Begin XCConfigurationList section */
		C406FEB622FE13D1004C0F77 /* Build configuration list for PBXProject "Parked" */ = {
			isa = XCConfigurationList;
			buildConfigurations = (
				C406FEE322FE13D6004C0F77 /* Debug */,
				C406FEE422FE13D6004C0F77 /* Release */,
			);
			defaultConfigurationIsVisible = 0;
			defaultConfigurationName = Release;
		};
		C406FEE522FE13D6004C0F77 /* Build configuration list for PBXNativeTarget "Parked" */ = {
			isa = XCConfigurationList;
			buildConfigurations = (
				C406FEE622FE13D6004C0F77 /* Debug */,
				C406FEE722FE13D6004C0F77 /* Release */,
			);
			defaultConfigurationIsVisible = 0;
			defaultConfigurationName = Release;
		};
		C406FEE822FE13D6004C0F77 /* Build configuration list for PBXNativeTarget "ParkedTests" */ = {
			isa = XCConfigurationList;
			buildConfigurations = (
				C406FEE922FE13D6004C0F77 /* Debug */,
				C406FEEA22FE13D6004C0F77 /* Release */,
			);
			defaultConfigurationIsVisible = 0;
			defaultConfigurationName = Release;
		};
		C406FEEB22FE13D6004C0F77 /* Build configuration list for PBXNativeTarget "ParkedUITests" */ = {
			isa = XCConfigurationList;
			buildConfigurations = (
				C406FEEC22FE13D6004C0F77 /* Debug */,
				C406FEED22FE13D6004C0F77 /* Release */,
			);
			defaultConfigurationIsVisible = 0;
			defaultConfigurationName = Release;
		};
/* End XCConfigurationList section */
	};
	rootObject = C406FEB322FE13D1004C0F77 /* Project object */;
}
